<?xml version="1.0" encoding="utf-8"?>
<Project ToolsVersion="4.0" xmlns="http://schemas.microsoft.com/developer/msbuild/2003">
  <ItemGroup>
    <Filter Include="Source Files">
      <UniqueIdentifier>{4FC737F1-C7A5-4376-A066-2A32D752A2FF}</UniqueIdentifier>
      <Extensions>cpp;c;cc;cxx;c++;cppm;ixx;def;odl;idl;hpj;bat;asm;asmx</Extensions>
    </Filter>
    <Filter Include="Header Files">
      <UniqueIdentifier>{93995380-89BD-4b04-88EB-625FBE52EBFB}</UniqueIdentifier>
      <Extensions>h;hh;hpp;hxx;h++;hm;inl;inc;ipp;xsd</Extensions>
    </Filter>
    <Filter Include="Resource Files">
      <UniqueIdentifier>{67DA6AB6-F800-4c08-8B7A-83BB121AAD01}</UniqueIdentifier>
      <Extensions>rc;ico;cur;bmp;dlg;rc2;rct;bin;rgs;gif;jpg;jpeg;jpe;resx;tiff;tif;png;wav;mfcribbon-ms</Extensions>
    </Filter>
    <Filter Include="Resource Files\SQLite3">
      <UniqueIdentifier>{da7e1611-df79-4e29-8f19-88f405d86e62}</UniqueIdentifier>
    </Filter>
    <Filter Include="Resource Files\SQLiteCpp%28Wraper%29">
      <UniqueIdentifier>{1eb392d5-7082-430e-9651-ae1ee01463ce}</UniqueIdentifier>
    </Filter>
    <Filter Include="Resource Files\UUID">
      <UniqueIdentifier>{33cf1ac1-6d79-4f0c-874b-5fc042c9505a}</UniqueIdentifier>
    </Filter>
  </ItemGroup>
  <ItemGroup>
    <ClInclude Include="framework.h">
      <Filter>Header Files</Filter>
    </ClInclude>
    <ClInclude Include="pch.h">
      <Filter>Header Files</Filter>
    </ClInclude>
    <ClInclude Include="sqlite\sqlite3.h">
      <Filter>Resource Files\SQLite3</Filter>
    </ClInclude>
    <ClInclude Include="sqlite\sqlite3ext.h">
      <Filter>Resource Files\SQLite3</Filter>
    </ClInclude>
    <ClInclude Include="SQLiteCpp\Assertion.h">
      <Filter>Resource Files\SQLiteCpp%28Wraper%29</Filter>
    </ClInclude>
    <ClInclude Include="SQLiteCpp\Backup.h">
      <Filter>Resource Files\SQLiteCpp%28Wraper%29</Filter>
    </ClInclude>
    <ClInclude Include="SQLiteCpp\Column.h">
      <Filter>Resource Files\SQLiteCpp%28Wraper%29</Filter>
    </ClInclude>
    <ClInclude Include="SQLiteCpp\Database.h">
      <Filter>Resource Files\SQLiteCpp%28Wraper%29</Filter>
    </ClInclude>
    <ClInclude Include="SQLiteCpp\Exception.h">
      <Filter>Resource Files\SQLiteCpp%28Wraper%29</Filter>
    </ClInclude>
    <ClInclude Include="SQLiteCpp\ExecuteMany.h">
      <Filter>Resource Files\SQLiteCpp%28Wraper%29</Filter>
    </ClInclude>
    <ClInclude Include="SQLiteCpp\Savepoint.h">
      <Filter>Resource Files\SQLiteCpp%28Wraper%29</Filter>
    </ClInclude>
    <ClInclude Include="SQLiteCpp\SQLiteCpp.h">
      <Filter>Resource Files\SQLiteCpp%28Wraper%29</Filter>
    </ClInclude>
    <ClInclude Include="SQLiteCpp\SQLiteCppExport.h">
      <Filter>Resource Files\SQLiteCpp%28Wraper%29</Filter>
    </ClInclude>
    <ClInclude Include="SQLiteCpp\Statement.h">
      <Filter>Resource Files\SQLiteCpp%28Wraper%29</Filter>
    </ClInclude>
    <ClInclude Include="SQLiteCpp\Transaction.h">
      <Filter>Resource Files\SQLiteCpp%28Wraper%29</Filter>
    </ClInclude>
    <ClInclude Include="SQLiteCpp\Utils.h">
      <Filter>Resource Files\SQLiteCpp%28Wraper%29</Filter>
    </ClInclude>
    <ClInclude Include="SQLiteCpp\VariadicBind.h">
      <Filter>Resource Files\SQLiteCpp%28Wraper%29</Filter>
    </ClInclude>
    <ClInclude Include="UUID\endianness.h">
      <Filter>Resource Files\UUID</Filter>
    </ClInclude>
    <ClInclude Include="UUID\uuid_v4.h">
      <Filter>Resource Files\UUID</Filter>
    </ClInclude>
    <ClInclude Include="ConfrenceCenterSystem.h">
      <Filter>Header Files</Filter>
    </ClInclude>
    <ClInclude Include="Resource.h">
      <Filter>Header Files</Filter>
    </ClInclude>
  </ItemGroup>
  <ItemGroup>
    <ClCompile Include="dllmain.cpp">
      <Filter>Source Files</Filter>
    </ClCompile>
    <ClCompile Include="pch.cpp">
      <Filter>Source Files</Filter>
    </ClCompile>
    <ClCompile Include="sqlite\shell.c">
      <Filter>Resource Files\SQLite3</Filter>
    </ClCompile>
    <ClCompile Include="sqlite\sqlite3.c">
      <Filter>Resource Files\SQLite3</Filter>
    </ClCompile>
    <ClCompile Include="SQLiteCpp\src\Backup.cpp">
      <Filter>Resource Files\SQLiteCpp%28Wraper%29</Filter>
    </ClCompile>
    <ClCompile Include="SQLiteCpp\src\Column.cpp">
      <Filter>Resource Files\SQLiteCpp%28Wraper%29</Filter>
    </ClCompile>
    <ClCompile Include="SQLiteCpp\src\Database.cpp">
      <Filter>Resource Files\SQLiteCpp%28Wraper%29</Filter>
    </ClCompile>
    <ClCompile Include="SQLiteCpp\src\Exception.cpp">
      <Filter>Resource Files\SQLiteCpp%28Wraper%29</Filter>
    </ClCompile>
    <ClCompile Include="SQLiteCpp\src\Savepoint.cpp">
      <Filter>Resource Files\SQLiteCpp%28Wraper%29</Filter>
    </ClCompile>
    <ClCompile Include="SQLiteCpp\src\Statement.cpp">
      <Filter>Resource Files\SQLiteCpp%28Wraper%29</Filter>
    </ClCompile>
    <ClCompile Include="SQLiteCpp\src\Transaction.cpp">
      <Filter>Resource Files\SQLiteCpp%28Wraper%29</Filter>
    </ClCompile>
  </ItemGroup>
</Project>