
Microsoft Visual Studio Solution File, Format Version 12.00
# Visual Studio Version 17
VisualStudioVersion = 17.8.34322.80
MinimumVisualStudioVersion = 10.0.40219.1
Project("{8BC9CEB8-8B4A-11D0-8D11-00A0C91BC942}") = "UniversityConferenceCenterSystem", "UniversityConferenceCenterSystem\UniversityConferenceCenterSystem.vcxproj", "{193925D4-6E7A-4A6C-A23D-3BB17A543BCE}"
EndProject
Project("{8BC9CEB8-8B4A-11D0-8D11-00A0C91BC942}") = "UCCS-TestSystem", "UCCS-TestSystem\UCCS-TestSystem.vcxproj", "{B6B37ECD-EB69-4D61-A297-13A56C26D489}"
EndProject
Project("{9A19103F-16F7-4668-BE54-9A1E7A4F7556}") = "FinalProjectGUI", "GUI\FinalProjectGUI\FinalProjectGUI\FinalProjectGUI.csproj", "{1F0320E0-5595-40CB-8038-D01071C99A92}"
EndProject
Global
	GlobalSection(SolutionConfigurationPlatforms) = preSolution
		Debug|Any CPU = Debug|Any CPU
		Debug|x64 = Debug|x64
		Debug|x86 = Debug|x86
		Release|Any CPU = Release|Any CPU
		Release|x64 = Release|x64
		Release|x86 = Release|x86
	EndGlobalSection
	GlobalSection(ProjectConfigurationPlatforms) = postSolution
		{193925D4-6E7A-4A6C-A23D-3BB17A543BCE}.Debug|Any CPU.ActiveCfg = Debug|x64
		{193925D4-6E7A-4A6C-A23D-3BB17A543BCE}.Debug|Any CPU.Build.0 = Debug|x64
		{193925D4-6E7A-4A6C-A23D-3BB17A543BCE}.Debug|x64.ActiveCfg = Debug|x64
		{193925D4-6E7A-4A6C-A23D-3BB17A543BCE}.Debug|x64.Build.0 = Debug|x64
		{193925D4-6E7A-4A6C-A23D-3BB17A543BCE}.Debug|x86.ActiveCfg = Debug|Win32
		{193925D4-6E7A-4A6C-A23D-3BB17A543BCE}.Debug|x86.Build.0 = Debug|Win32
		{193925D4-6E7A-4A6C-A23D-3BB17A543BCE}.Release|Any CPU.ActiveCfg = Release|x64
		{193925D4-6E7A-4A6C-A23D-3BB17A543BCE}.Release|Any CPU.Build.0 = Release|x64
		{193925D4-6E7A-4A6C-A23D-3BB17A543BCE}.Release|x64.ActiveCfg = Release|x64
		{193925D4-6E7A-4A6C-A23D-3BB17A543BCE}.Release|x64.Build.0 = Release|x64
		{193925D4-6E7A-4A6C-A23D-3BB17A543BCE}.Release|x86.ActiveCfg = Release|Win32
		{193925D4-6E7A-4A6C-A23D-3BB17A543BCE}.Release|x86.Build.0 = Release|Win32
		{B6B37ECD-EB69-4D61-A297-13A56C26D489}.Debug|Any CPU.ActiveCfg = Debug|x64
		{B6B37ECD-EB69-4D61-A297-13A56C26D489}.Debug|Any CPU.Build.0 = Debug|x64
		{B6B37ECD-EB69-4D61-A297-13A56C26D489}.Debug|x64.ActiveCfg = Debug|x64
		{B6B37ECD-EB69-4D61-A297-13A56C26D489}.Debug|x64.Build.0 = Debug|x64
		{B6B37ECD-EB69-4D61-A297-13A56C26D489}.Debug|x86.ActiveCfg = Debug|Win32
		{B6B37ECD-EB69-4D61-A297-13A56C26D489}.Debug|x86.Build.0 = Debug|Win32
		{B6B37ECD-EB69-4D61-A297-13A56C26D489}.Release|Any CPU.ActiveCfg = Release|x64
		{B6B37ECD-EB69-4D61-A297-13A56C26D489}.Release|Any CPU.Build.0 = Release|x64
		{B6B37ECD-EB69-4D61-A297-13A56C26D489}.Release|x64.ActiveCfg = Release|x64
		{B6B37ECD-EB69-4D61-A297-13A56C26D489}.Release|x64.Build.0 = Release|x64
		{B6B37ECD-EB69-4D61-A297-13A56C26D489}.Release|x86.ActiveCfg = Release|Win32
		{B6B37ECD-EB69-4D61-A297-13A56C26D489}.Release|x86.Build.0 = Release|Win32
		{1F0320E0-5595-40CB-8038-D01071C99A92}.Debug|Any CPU.ActiveCfg = Debug|Any CPU
		{1F0320E0-5595-40CB-8038-D01071C99A92}.Debug|Any CPU.Build.0 = Debug|Any CPU
		{1F0320E0-5595-40CB-8038-D01071C99A92}.Debug|x64.ActiveCfg = Debug|Any CPU
		{1F0320E0-5595-40CB-8038-D01071C99A92}.Debug|x64.Build.0 = Debug|Any CPU
		{1F0320E0-5595-40CB-8038-D01071C99A92}.Debug|x86.ActiveCfg = Debug|Any CPU
		{1F0320E0-5595-40CB-8038-D01071C99A92}.Debug|x86.Build.0 = Debug|Any CPU
		{1F0320E0-5595-40CB-8038-D01071C99A92}.Release|Any CPU.ActiveCfg = Release|Any CPU
		{1F0320E0-5595-40CB-8038-D01071C99A92}.Release|Any CPU.Build.0 = Release|Any CPU
		{1F0320E0-5595-40CB-8038-D01071C99A92}.Release|x64.ActiveCfg = Release|Any CPU
		{1F0320E0-5595-40CB-8038-D01071C99A92}.Release|x64.Build.0 = Release|Any CPU
		{1F0320E0-5595-40CB-8038-D01071C99A92}.Release|x86.ActiveCfg = Release|Any CPU
		{1F0320E0-5595-40CB-8038-D01071C99A92}.Release|x86.Build.0 = Release|Any CPU
	EndGlobalSection
	GlobalSection(SolutionProperties) = preSolution
		HideSolutionNode = FALSE
	EndGlobalSection
	GlobalSection(ExtensibilityGlobals) = postSolution
		SolutionGuid = {E1A6D6AC-A899-4110-855D-4308CD1A6876}
	EndGlobalSection
EndGlobal
