
Microsoft Visual Studio Solution File, Format Version 12.00
# Visual Studio Version 17
VisualStudioVersion = 17.0.32112.339
MinimumVisualStudioVersion = 10.0.40219.1
Project("{FAE04EC0-301F-11D3-BF4B-00C04F79EFBC}") = "FinalProjectGUI", "FinalProjectGUI\FinalProjectGUI.csproj", "{5CA4F64F-FFF0-4209-999E-68040325BEF9}"
EndProject
Global
	GlobalSection(SolutionConfigurationPlatforms) = preSolution
		Debug|Any CPU = Debug|Any CPU
		Release|Any CPU = Release|Any CPU
	EndGlobalSection
	GlobalSection(ProjectConfigurationPlatforms) = postSolution
		{5CA4F64F-FFF0-4209-999E-68040325BEF9}.Debug|Any CPU.ActiveCfg = Debug|Any CPU
		{5CA4F64F-FFF0-4209-999E-68040325BEF9}.Debug|Any CPU.Build.0 = Debug|Any CPU
		{5CA4F64F-FFF0-4209-999E-68040325BEF9}.Release|Any CPU.ActiveCfg = Release|Any CPU
		{5CA4F64F-FFF0-4209-999E-68040325BEF9}.Release|Any CPU.Build.0 = Release|Any CPU
	EndGlobalSection
	GlobalSection(SolutionProperties) = preSolution
		HideSolutionNode = FALSE
	EndGlobalSection
	GlobalSection(ExtensibilityGlobals) = postSolution
		SolutionGuid = {BD98D2AA-3FAD-4E14-99DA-2DAA7E32D77D}
	EndGlobalSection
EndGlobal
